
Microsoft Visual Studio Solution File, Format Version 12.00
# Visual Studio 2013
VisualStudioVersion = 12.0.21005.1
MinimumVisualStudioVersion = 10.0.40219.1
Project("{FAE04EC0-301F-11D3-BF4B-00C04F79EFBC}") = "Firehawk.MsSql", "Firehawk.MsSql\Firehawk.MsSql.csproj", "{F015B1E6-62EE-435E-8DA6-3F146C9B2F54}"
EndProject
Project("{FAE04EC0-301F-11D3-BF4B-00C04F79EFBC}") = "Firehawk.MsSql.Tests", "Firehawk.MsSql.Tests\Firehawk.MsSql.Tests.csproj", "{0341289B-2D9E-423F-A356-E3DB64B689E2}"
EndProject
Global
	GlobalSection(TeamFoundationVersionControl) = preSolution
		SccNumberOfProjects = 3
		SccEnterpriseProvider = {4CA58AB2-18FA-4F8D-95D4-32DDF27D184C}
		SccTeamFoundationServer = https://tfs.codeplex.com/tfs/tfs29
		SccLocalPath0 = .
		SccProjectUniqueName1 = Firehawk.MsSql.Tests\\Firehawk.MsSql.Tests.csproj
		SccProjectName1 = Firehawk.MsSql.Tests
		SccLocalPath1 = Firehawk.MsSql.Tests
		SccProjectUniqueName2 = Firehawk.MsSql\\Firehawk.MsSql.csproj
		SccProjectName2 = Firehawk.MsSql
		SccLocalPath2 = Firehawk.MsSql
	EndGlobalSection
	GlobalSection(SolutionConfigurationPlatforms) = preSolution
		Debug|Any CPU = Debug|Any CPU
		Release|Any CPU = Release|Any CPU
	EndGlobalSection
	GlobalSection(ProjectConfigurationPlatforms) = postSolution
		{F015B1E6-62EE-435E-8DA6-3F146C9B2F54}.Debug|Any CPU.ActiveCfg = Debug|Any CPU
		{F015B1E6-62EE-435E-8DA6-3F146C9B2F54}.Debug|Any CPU.Build.0 = Debug|Any CPU
		{F015B1E6-62EE-435E-8DA6-3F146C9B2F54}.Release|Any CPU.ActiveCfg = Release|Any CPU
		{F015B1E6-62EE-435E-8DA6-3F146C9B2F54}.Release|Any CPU.Build.0 = Release|Any CPU
		{0341289B-2D9E-423F-A356-E3DB64B689E2}.Debug|Any CPU.ActiveCfg = Debug|Any CPU
		{0341289B-2D9E-423F-A356-E3DB64B689E2}.Debug|Any CPU.Build.0 = Debug|Any CPU
		{0341289B-2D9E-423F-A356-E3DB64B689E2}.Release|Any CPU.ActiveCfg = Release|Any CPU
		{0341289B-2D9E-423F-A356-E3DB64B689E2}.Release|Any CPU.Build.0 = Release|Any CPU
	EndGlobalSection
	GlobalSection(SolutionProperties) = preSolution
		HideSolutionNode = FALSE
	EndGlobalSection
EndGlobal
