
Microsoft Visual Studio Solution File, Format Version 12.00
# Visual Studio 2013
VisualStudioVersion = 12.0.21005.1
MinimumVisualStudioVersion = 10.0.40219.1
Project("{FAE04EC0-301F-11D3-BF4B-00C04F79EFBC}") = "Firehawk.Core", "Firehawk.Core\Firehawk.Core.csproj", "{5BC27D3A-9D29-403F-89E5-0D8B8BBDAD74}"
EndProject
Project("{FAE04EC0-301F-11D3-BF4B-00C04F79EFBC}") = "Firehawk.Core.Tests", "Firehawk.Core.Tests\Firehawk.Core.Tests.csproj", "{1A7BDB7F-1BB5-4688-BA32-74ACB24F23D8}"
EndProject
Global
	GlobalSection(TeamFoundationVersionControl) = preSolution
		SccNumberOfProjects = 3
		SccEnterpriseProvider = {4CA58AB2-18FA-4F8D-95D4-32DDF27D184C}
		SccTeamFoundationServer = https://tfs.codeplex.com/tfs/tfs29
		SccLocalPath0 = .
		SccProjectUniqueName1 = Firehawk.Core\\Firehawk.Core.csproj
		SccProjectName1 = Firehawk.Core
		SccLocalPath1 = Firehawk.Core
		SccProjectUniqueName2 = Firehawk.Core.Tests\\Firehawk.Core.Tests.csproj
		SccProjectName2 = Firehawk.Core.Tests
		SccLocalPath2 = Firehawk.Core.Tests
	EndGlobalSection
	GlobalSection(SolutionConfigurationPlatforms) = preSolution
		Debug|Any CPU = Debug|Any CPU
		Release|Any CPU = Release|Any CPU
	EndGlobalSection
	GlobalSection(ProjectConfigurationPlatforms) = postSolution
		{5BC27D3A-9D29-403F-89E5-0D8B8BBDAD74}.Debug|Any CPU.ActiveCfg = Debug|Any CPU
		{5BC27D3A-9D29-403F-89E5-0D8B8BBDAD74}.Debug|Any CPU.Build.0 = Debug|Any CPU
		{5BC27D3A-9D29-403F-89E5-0D8B8BBDAD74}.Release|Any CPU.ActiveCfg = Release|Any CPU
		{5BC27D3A-9D29-403F-89E5-0D8B8BBDAD74}.Release|Any CPU.Build.0 = Release|Any CPU
		{1A7BDB7F-1BB5-4688-BA32-74ACB24F23D8}.Debug|Any CPU.ActiveCfg = Debug|Any CPU
		{1A7BDB7F-1BB5-4688-BA32-74ACB24F23D8}.Debug|Any CPU.Build.0 = Debug|Any CPU
		{1A7BDB7F-1BB5-4688-BA32-74ACB24F23D8}.Release|Any CPU.ActiveCfg = Release|Any CPU
		{1A7BDB7F-1BB5-4688-BA32-74ACB24F23D8}.Release|Any CPU.Build.0 = Release|Any CPU
	EndGlobalSection
	GlobalSection(SolutionProperties) = preSolution
		HideSolutionNode = FALSE
	EndGlobalSection
EndGlobal
